
Microsoft Visual Studio Solution File, Format Version 12.00
# Visual Studio Version 17
VisualStudioVersion = 17.0.32014.148
MinimumVisualStudioVersion = 10.0.40219.1
Project("{8BC9CEB8-8B4A-11D0-8D11-00A0C91BC942}") = "tema3", "tema3\tema3.vcxproj", "{BF9986DF-A39D-410A-A7DA-DB7016403D28}"
EndProject
Global
	GlobalSection(SolutionConfigurationPlatforms) = preSolution
		Debug|x64 = Debug|x64
		Debug|x86 = Debug|x86
		Release|x64 = Release|x64
		Release|x86 = Release|x86
	EndGlobalSection
	GlobalSection(ProjectConfigurationPlatforms) = postSolution
		{BF9986DF-A39D-410A-A7DA-DB7016403D28}.Debug|x64.ActiveCfg = Debug|x64
		{BF9986DF-A39D-410A-A7DA-DB7016403D28}.Debug|x64.Build.0 = Debug|x64
		{BF9986DF-A39D-410A-A7DA-DB7016403D28}.Debug|x86.ActiveCfg = Debug|Win32
		{BF9986DF-A39D-410A-A7DA-DB7016403D28}.Debug|x86.Build.0 = Debug|Win32
		{BF9986DF-A39D-410A-A7DA-DB7016403D28}.Release|x64.ActiveCfg = Release|x64
		{BF9986DF-A39D-410A-A7DA-DB7016403D28}.Release|x64.Build.0 = Release|x64
		{BF9986DF-A39D-410A-A7DA-DB7016403D28}.Release|x86.ActiveCfg = Release|Win32
		{BF9986DF-A39D-410A-A7DA-DB7016403D28}.Release|x86.Build.0 = Release|Win32
	EndGlobalSection
	GlobalSection(SolutionProperties) = preSolution
		HideSolutionNode = FALSE
	EndGlobalSection
	GlobalSection(ExtensibilityGlobals) = postSolution
		SolutionGuid = {DD9E45EA-04C8-4A19-9BCA-F0AD1AEB37C5}
	EndGlobalSection
EndGlobal
